
Microsoft Visual Studio Solution File, Format Version 12.00
# Visual Studio Version 17
VisualStudioVersion = 17.5.002.0
MinimumVisualStudioVersion = 10.0.40219.1
Project("{9A19103F-16F7-4668-BE54-9A1E7A4F7556}") = "AutomationExercise.Docker", "AutomationExercise.Docker.csproj", "{914CB7F0-FF88-4403-97C3-80CCCFF52DAA}"
EndProject
Global
	GlobalSection(SolutionConfigurationPlatforms) = preSolution
		Debug|Any CPU = Debug|Any CPU
		Release|Any CPU = Release|Any CPU
	EndGlobalSection
	GlobalSection(ProjectConfigurationPlatforms) = postSolution
		{914CB7F0-FF88-4403-97C3-80CCCFF52DAA}.Debug|Any CPU.ActiveCfg = Debug|Any CPU
		{914CB7F0-FF88-4403-97C3-80CCCFF52DAA}.Debug|Any CPU.Build.0 = Debug|Any CPU
		{914CB7F0-FF88-4403-97C3-80CCCFF52DAA}.Release|Any CPU.ActiveCfg = Release|Any CPU
		{914CB7F0-FF88-4403-97C3-80CCCFF52DAA}.Release|Any CPU.Build.0 = Release|Any CPU
	EndGlobalSection
	GlobalSection(SolutionProperties) = preSolution
		HideSolutionNode = FALSE
	EndGlobalSection
	GlobalSection(ExtensibilityGlobals) = postSolution
		SolutionGuid = {6F8187AE-00AF-4518-99A2-24AAA80B30F4}
	EndGlobalSection
EndGlobal
